// !$*UTF8*$!
{
	archiveVersion = 1;
	classes = {
	};
	objectVersion = 55;
	objects = {

/* Begin PBXBuildFile section */
		FBB67C06276B931700846E6A /* DOOKZadanieApp.swift in Sources */ = {isa = PBXBuildFile; fileRef = FBB67C05276B931700846E6A /* DOOKZadanieApp.swift */; };
		FBB67C08276B931700846E6A /* ContentView.swift in Sources */ = {isa = PBXBuildFile; fileRef = FBB67C07276B931700846E6A /* ContentView.swift */; };
		FBB67C0A276B931900846E6A /* Assets.xcassets in Resources */ = {isa = PBXBuildFile; fileRef = FBB67C09276B931900846E6A /* Assets.xcassets */; };
		FBB67C0D276B931900846E6A /* Preview Assets.xcassets in Resources */ = {isa = PBXBuildFile; fileRef = FBB67C0C276B931900846E6A /* Preview Assets.xcassets */; };
		FBB67C17276B931A00846E6A /* DOOKZadanieTests.swift in Sources */ = {isa = PBXBuildFile; fileRef = FBB67C16276B931A00846E6A /* DOOKZadanieTests.swift */; };
		FBB67C21276B931A00846E6A /* DOOKZadanieUITests.swift in Sources */ = {isa = PBXBuildFile; fileRef = FBB67C20276B931A00846E6A /* DOOKZadanieUITests.swift */; };
		FBB67C23276B931A00846E6A /* DOOKZadanieUITestsLaunchTests.swift in Sources */ = {isa = PBXBuildFile; fileRef = FBB67C22276B931A00846E6A /* DOOKZadanieUITestsLaunchTests.swift */; };
/* End PBXBuildFile section */

/* Begin PBXContainerItemProxy section */
		FBB67C13276B931A00846E6A /* PBXContainerItemProxy */ = {
			isa = PBXContainerItemProxy;
			containerPortal = FBB67BFA276B931700846E6A /* Project object */;
			proxyType = 1;
			remoteGlobalIDString = FBB67C01276B931700846E6A;
			remoteInfo = DOOKZadanie;
		};
		FBB67C1D276B931A00846E6A /* PBXContainerItemProxy */ = {
			isa = PBXContainerItemProxy;
			containerPortal = FBB67BFA276B931700846E6A /* Project object */;
			proxyType = 1;
			remoteGlobalIDString = FBB67C01276B931700846E6A;
			remoteInfo = DOOKZadanie;
		};
/* End PBXContainerItemProxy section */

/* Begin PBXFileReference section */
		FBB67C02276B931700846E6A /* DOOKZadanie.app */ = {isa = PBXFileReference; explicitFileType = wrapper.application; includeInIndex = 0; path = DOOKZadanie.app; sourceTree = BUILT_PRODUCTS_DIR; };
		FBB67C05276B931700846E6A /* DOOKZadanieApp.swift */ = {isa = PBXFileReference; lastKnownFileType = sourcecode.swift; path = DOOKZadanieApp.swift; sourceTree = "<group>"; };
		FBB67C07276B931700846E6A /* ContentView.swift */ = {isa = PBXFileReference; lastKnownFileType = sourcecode.swift; path = ContentView.swift; sourceTree = "<group>"; };
		FBB67C09276B931900846E6A /* Assets.xcassets */ = {isa = PBXFileReference; lastKnownFileType = folder.assetcatalog; path = Assets.xcassets; sourceTree = "<group>"; };
		FBB67C0C276B931900846E6A /* Preview Assets.xcassets */ = {isa = PBXFileReference; lastKnownFileType = folder.assetcatalog; path = "Preview Assets.xcassets"; sourceTree = "<group>"; };
		FBB67C12276B931A00846E6A /* DOOKZadanieTests.xctest */ = {isa = PBXFileReference; explicitFileType = wrapper.cfbundle; includeInIndex = 0; path = DOOKZadanieTests.xctest; sourceTree = BUILT_PRODUCTS_DIR; };
		FBB67C16276B931A00846E6A /* DOOKZadanieTests.swift */ = {isa = PBXFileReference; lastKnownFileType = sourcecode.swift; path = DOOKZadanieTests.swift; sourceTree = "<group>"; };
		FBB67C1C276B931A00846E6A /* DOOKZadanieUITests.xctest */ = {isa = PBXFileReference; explicitFileType = wrapper.cfbundle; includeInIndex = 0; path = DOOKZadanieUITests.xctest; sourceTree = BUILT_PRODUCTS_DIR; };
		FBB67C20276B931A00846E6A /* DOOKZadanieUITests.swift */ = {isa = PBXFileReference; lastKnownFileType = sourcecode.swift; path = DOOKZadanieUITests.swift; sourceTree = "<group>"; };
		FBB67C22276B931A00846E6A /* DOOKZadanieUITestsLaunchTests.swift */ = {isa = PBXFileReference; lastKnownFileType = sourcecode.swift; path = DOOKZadanieUITestsLaunchTests.swift; sourceTree = "<group>"; };
/* End PBXFileReference section */

/* Begin PBXFrameworksBuildPhase section */
		FBB67BFF276B931700846E6A /* Frameworks */ = {
			isa = PBXFrameworksBuildPhase;
			buildActionMask = 2147483647;
			files = (
			);
			runOnlyForDeploymentPostprocessing = 0;
		};
		FBB67C0F276B931A00846E6A /* Frameworks */ = {
			isa = PBXFrameworksBuildPhase;
			buildActionMask = 2147483647;
			files = (
			);
			runOnlyForDeploymentPostprocessing = 0;
		};
		FBB67C19276B931A00846E6A /* Frameworks */ = {
			isa = PBXFrameworksBuildPhase;
			buildActionMask = 2147483647;
			files = (
			);
			runOnlyForDeploymentPostprocessing = 0;
		};
/* End PBXFrameworksBuildPhase section */

/* Begin PBXGroup section */
		FBB67BF9276B931700846E6A = {
			isa = PBXGroup;
			children = (
				FBB67C04276B931700846E6A /* DOOKZadanie */,
				FBB67C15276B931A00846E6A /* DOOKZadanieTests */,
				FBB67C1F276B931A00846E6A /* DOOKZadanieUITests */,
				FBB67C03276B931700846E6A /* Products */,
			);
			sourceTree = "<group>";
		};
		FBB67C03276B931700846E6A /* Products */ = {
			isa = PBXGroup;
			children = (
				FBB67C02276B931700846E6A /* DOOKZadanie.app */,
				FBB67C12276B931A00846E6A /* DOOKZadanieTests.xctest */,
				FBB67C1C276B931A00846E6A /* DOOKZadanieUITests.xctest */,
			);
			name = Products;
			sourceTree = "<group>";
		};
		FBB67C04276B931700846E6A /* DOOKZadanie */ = {
			isa = PBXGroup;
			children = (
				FBB67C05276B931700846E6A /* DOOKZadanieApp.swift */,
				FBB67C07276B931700846E6A /* ContentView.swift */,
				FBB67C09276B931900846E6A /* Assets.xcassets */,
				FBB67C0B276B931900846E6A /* Preview Content */,
			);
			path = DOOKZadanie;
			sourceTree = "<group>";
		};
		FBB67C0B276B931900846E6A /* Preview Content */ = {
			isa = PBXGroup;
			children = (
				FBB67C0C276B931900846E6A /* Preview Assets.xcassets */,
			);
			path = "Preview Content";
			sourceTree = "<group>";
		};
		FBB67C15276B931A00846E6A /* DOOKZadanieTests */ = {
			isa = PBXGroup;
			children = (
				FBB67C16276B931A00846E6A /* DOOKZadanieTests.swift */,
			);
			path = DOOKZadanieTests;
			sourceTree = "<group>";
		};
		FBB67C1F276B931A00846E6A /* DOOKZadanieUITests */ = {
			isa = PBXGroup;
			children = (
				FBB67C20276B931A00846E6A /* DOOKZadanieUITests.swift */,
				FBB67C22276B931A00846E6A /* DOOKZadanieUITestsLaunchTests.swift */,
			);
			path = DOOKZadanieUITests;
			sourceTree = "<group>";
		};
/* End PBXGroup section */

/* Begin PBXNativeTarget section */
		FBB67C01276B931700846E6A /* DOOKZadanie */ = {
			isa = PBXNativeTarget;
			buildConfigurationList = FBB67C26276B931A00846E6A /* Build configuration list for PBXNativeTarget "DOOKZadanie" */;
			buildPhases = (
				FBB67BFE276B931700846E6A /* Sources */,
				FBB67BFF276B931700846E6A /* Frameworks */,
				FBB67C00276B931700846E6A /* Resources */,
			);
			buildRules = (
			);
			dependencies = (
			);
			name = DOOKZadanie;
			productName = DOOKZadanie;
			productReference = FBB67C02276B931700846E6A /* DOOKZadanie.app */;
			productType = "com.apple.product-type.application";
		};
		FBB67C11276B931A00846E6A /* DOOKZadanieTests */ = {
			isa = PBXNativeTarget;
			buildConfigurationList = FBB67C29276B931A00846E6A /* Build configuration list for PBXNativeTarget "DOOKZadanieTests" */;
			buildPhases = (
				FBB67C0E276B931A00846E6A /* Sources */,
				FBB67C0F276B931A00846E6A /* Frameworks */,
				FBB67C10276B931A00846E6A /* Resources */,
			);
			buildRules = (
			);
			dependencies = (
				FBB67C14276B931A00846E6A /* PBXTargetDependency */,
			);
			name = DOOKZadanieTests;
			productName = DOOKZadanieTests;
			productReference = FBB67C12276B931A00846E6A /* DOOKZadanieTests.xctest */;
			productType = "com.apple.product-type.bundle.unit-test";
		};
		FBB67C1B276B931A00846E6A /* DOOKZadanieUITests */ = {
			isa = PBXNativeTarget;
			buildConfigurationList = FBB67C2C276B931A00846E6A /* Build configuration list for PBXNativeTarget "DOOKZadanieUITests" */;
			buildPhases = (
				FBB67C18276B931A00846E6A /* Sources */,
				FBB67C19276B931A00846E6A /* Frameworks */,
				FBB67C1A276B931A00846E6A /* Resources */,
			);
			buildRules = (
			);
			dependencies = (
				FBB67C1E276B931A00846E6A /* PBXTargetDependency */,
			);
			name = DOOKZadanieUITests;
			productName = DOOKZadanieUITests;
			productReference = FBB67C1C276B931A00846E6A /* DOOKZadanieUITests.xctest */;
			productType = "com.apple.product-type.bundle.ui-testing";
		};
/* End PBXNativeTarget section */

/* Begin PBXProject section */
		FBB67BFA276B931700846E6A /* Project object */ = {
			isa = PBXProject;
			attributes = {
				BuildIndependentTargetsInParallel = 1;
				LastSwiftUpdateCheck = 1300;
				LastUpgradeCheck = 1300;
				TargetAttributes = {
					FBB67C01276B931700846E6A = {
						CreatedOnToolsVersion = 13.0;
					};
					FBB67C11276B931A00846E6A = {
						CreatedOnToolsVersion = 13.0;
						TestTargetID = FBB67C01276B931700846E6A;
					};
					FBB67C1B276B931A00846E6A = {
						CreatedOnToolsVersion = 13.0;
						TestTargetID = FBB67C01276B931700846E6A;
					};
				};
			};
			buildConfigurationList = FBB67BFD276B931700846E6A /* Build configuration list for PBXProject "DOOKZadanie" */;
			compatibilityVersion = "Xcode 13.0";
			developmentRegion = en;
			hasScannedForEncodings = 0;
			knownRegions = (
				en,
				Base,
			);
			mainGroup = FBB67BF9276B931700846E6A;
			productRefGroup = FBB67C03276B931700846E6A /* Products */;
			projectDirPath = "";
			projectRoot = "";
			targets = (
				FBB67C01276B931700846E6A /* DOOKZadanie */,
				FBB67C11276B931A00846E6A /* DOOKZadanieTests */,
				FBB67C1B276B931A00846E6A /* DOOKZadanieUITests */,
			);
		};
/* End PBXProject section */

/* Begin PBXResourcesBuildPhase section */
		FBB67C00276B931700846E6A /* Resources */ = {
			isa = PBXResourcesBuildPhase;
			buildActionMask = 2147483647;
			files = (
				FBB67C0D276B931900846E6A /* Preview Assets.xcassets in Resources */,
				FBB67C0A276B931900846E6A /* Assets.xcassets in Resources */,
			);
			runOnlyForDeploymentPostprocessing = 0;
		};
		FBB67C10276B931A00846E6A /* Resources */ = {
			isa = PBXResourcesBuildPhase;
			buildActionMask = 2147483647;
			files = (
			);
			runOnlyForDeploymentPostprocessing = 0;
		};
		FBB67C1A276B931A00846E6A /* Resources */ = {
			isa = PBXResourcesBuildPhase;
			buildActionMask = 2147483647;
			files = (
			);
			runOnlyForDeploymentPostprocessing = 0;
		};
/* End PBXResourcesBuildPhase section */

/* Begin PBXSourcesBuildPhase section */
		FBB67BFE276B931700846E6A /* Sources */ = {
			isa = PBXSourcesBuildPhase;
			buildActionMask = 2147483647;
			files = (
				FBB67C08276B931700846E6A /* ContentView.swift in Sources */,
				FBB67C06276B931700846E6A /* DOOKZadanieApp.swift in Sources */,
			);
			runOnlyForDeploymentPostprocessing = 0;
		};
		FBB67C0E276B931A00846E6A /* Sources */ = {
			isa = PBXSourcesBuildPhase;
			buildActionMask = 2147483647;
			files = (
				FBB67C17276B931A00846E6A /* DOOKZadanieTests.swift in Sources */,
			);
			runOnlyForDeploymentPostprocessing = 0;
		};
		FBB67C18276B931A00846E6A /* Sources */ = {
			isa = PBXSourcesBuildPhase;
			buildActionMask = 2147483647;
			files = (
				FBB67C23276B931A00846E6A /* DOOKZadanieUITestsLaunchTests.swift in Sources */,
				FBB67C21276B931A00846E6A /* DOOKZadanieUITests.swift in Sources */,
			);
			runOnlyForDeploymentPostprocessing = 0;
		};
/* End PBXSourcesBuildPhase section */

/* Begin PBXTargetDependency section */
		FBB67C14276B931A00846E6A /* PBXTargetDependency */ = {
			isa = PBXTargetDependency;
			target = FBB67C01276B931700846E6A /* DOOKZadanie */;
			targetProxy = FBB67C13276B931A00846E6A /* PBXContainerItemProxy */;
		};
		FBB67C1E276B931A00846E6A /* PBXTargetDependency */ = {
			isa = PBXTargetDependency;
			target = FBB67C01276B931700846E6A /* DOOKZadanie */;
			targetProxy = FBB67C1D276B931A00846E6A /* PBXContainerItemProxy */;
		};
/* End PBXTargetDependency section */

/* Begin XCBuildConfiguration section */
		FBB67C24276B931A00846E6A /* Debug */ = {
			isa = XCBuildConfiguration;
			buildSettings = {
				ALWAYS_SEARCH_USER_PATHS = NO;
				CLANG_ANALYZER_NONNULL = YES;
				CLANG_ANALYZER_NUMBER_OBJECT_CONVERSION = YES_AGGRESSIVE;
				CLANG_CXX_LANGUAGE_STANDARD = "gnu++17";
				CLANG_CXX_LIBRARY = "libc++";
				CLANG_ENABLE_MODULES = YES;
				CLANG_ENABLE_OBJC_ARC = YES;
				CLANG_ENABLE_OBJC_WEAK = YES;
				CLANG_WARN_BLOCK_CAPTURE_AUTORELEASING = YES;
				CLANG_WARN_BOOL_CONVERSION = YES;
				CLANG_WARN_COMMA = YES;
				CLANG_WARN_CONSTANT_CONVERSION = YES;
				CLANG_WARN_DEPRECATED_OBJC_IMPLEMENTATIONS = YES;
				CLANG_WARN_DIRECT_OBJC_ISA_USAGE = YES_ERROR;
				CLANG_WARN_DOCUMENTATION_COMMENTS = YES;
				CLANG_WARN_EMPTY_BODY = YES;
				CLANG_WARN_ENUM_CONVERSION = YES;
				CLANG_WARN_INFINITE_RECURSION = YES;
				CLANG_WARN_INT_CONVERSION = YES;
				CLANG_WARN_NON_LITERAL_NULL_CONVERSION = YES;
				CLANG_WARN_OBJC_IMPLICIT_RETAIN_SELF = YES;
				CLANG_WARN_OBJC_LITERAL_CONVERSION = YES;
				CLANG_WARN_OBJC_ROOT_CLASS = YES_ERROR;
				CLANG_WARN_QUOTED_INCLUDE_IN_FRAMEWORK_HEADER = YES;
				CLANG_WARN_RANGE_LOOP_ANALYSIS = YES;
				CLANG_WARN_STRICT_PROTOTYPES = YES;
				CLANG_WARN_SUSPICIOUS_MOVE = YES;
				CLANG_WARN_UNGUARDED_AVAILABILITY = YES_AGGRESSIVE;
				CLANG_WARN_UNREACHABLE_CODE = YES;
				CLANG_WARN__DUPLICATE_METHOD_MATCH = YES;
				COPY_PHASE_STRIP = NO;
				DEBUG_INFORMATION_FORMAT = dwarf;
				ENABLE_STRICT_OBJC_MSGSEND = YES;
				ENABLE_TESTABILITY = YES;
				GCC_C_LANGUAGE_STANDARD = gnu11;
				GCC_DYNAMIC_NO_PIC = NO;
				GCC_NO_COMMON_BLOCKS = YES;
				GCC_OPTIMIZATION_LEVEL = 0;
				GCC_PREPROCESSOR_DEFINITIONS = (
					"DEBUG=1",
					"$(inherited)",
				);
				GCC_WARN_64_TO_32_BIT_CONVERSION = YES;
				GCC_WARN_ABOUT_RETURN_TYPE = YES_ERROR;
				GCC_WARN_UNDECLARED_SELECTOR = YES;
				GCC_WARN_UNINITIALIZED_AUTOS = YES_AGGRESSIVE;
				GCC_WARN_UNUSED_FUNCTION = YES;
				GCC_WARN_UNUSED_VARIABLE = YES;
				IPHONEOS_DEPLOYMENT_TARGET = 15.0;
				MTL_ENABLE_DEBUG_INFO = INCLUDE_SOURCE;
				MTL_FAST_MATH = YES;
				ONLY_ACTIVE_ARCH = YES;
				SDKROOT = iphoneos;
				SWIFT_ACTIVE_COMPILATION_CONDITIONS = DEBUG;
				SWIFT_OPTIMIZATION_LEVEL = "-Onone";
			};
			name = Debug;
		};
		FBB67C25276B931A00846E6A /* Release */ = {
			isa = XCBuildConfiguration;
			buildSettings = {
				ALWAYS_SEARCH_USER_PATHS = NO;
				CLANG_ANALYZER_NONNULL = YES;
				CLANG_ANALYZER_NUMBER_OBJECT_CONVERSION = YES_AGGRESSIVE;
				CLANG_CXX_LANGUAGE_STANDARD = "gnu++17";
				CLANG_CXX_LIBRARY = "libc++";
				CLANG_ENABLE_MODULES = YES;
				CLANG_ENABLE_OBJC_ARC = YES;
				CLANG_ENABLE_OBJC_WEAK = YES;
				CLANG_WARN_BLOCK_CAPTURE_AUTORELEASING = YES;
				CLANG_WARN_BOOL_CONVERSION = YES;
				CLANG_WARN_COMMA = YES;
				CLANG_WARN_CONSTANT_CONVERSION = YES;
				CLANG_WARN_DEPRECATED_OBJC_IMPLEMENTATIONS = YES;
				CLANG_WARN_DIRECT_OBJC_ISA_USAGE = YES_ERROR;
				CLANG_WARN_DOCUMENTATION_COMMENTS = YES;
				CLANG_WARN_EMPTY_BODY = YES;
				CLANG_WARN_ENUM_CONVERSION = YES;
				CLANG_WARN_INFINITE_RECURSION = YES;
				CLANG_WARN_INT_CONVERSION = YES;
				CLANG_WARN_NON_LITERAL_NULL_CONVERSION = YES;
				CLANG_WARN_OBJC_IMPLICIT_RETAIN_SELF = YES;
				CLANG_WARN_OBJC_LITERAL_CONVERSION = YES;
				CLANG_WARN_OBJC_ROOT_CLASS = YES_ERROR;
				CLANG_WARN_QUOTED_INCLUDE_IN_FRAMEWORK_HEADER = YES;
				CLANG_WARN_RANGE_LOOP_ANALYSIS = YES;
				CLANG_WARN_STRICT_PROTOTYPES = YES;
				CLANG_WARN_SUSPICIOUS_MOVE = YES;
				CLANG_WARN_UNGUARDED_AVAILABILITY = YES_AGGRESSIVE;
				CLANG_WARN_UNREACHABLE_CODE = YES;
				CLANG_WARN__DUPLICATE_METHOD_MATCH = YES;
				COPY_PHASE_STRIP = NO;
				DEBUG_INFORMATION_FORMAT = "dwarf-with-dsym";
				ENABLE_NS_ASSERTIONS = NO;
				ENABLE_STRICT_OBJC_MSGSEND = YES;
				GCC_C_LANGUAGE_STANDARD = gnu11;
				GCC_NO_COMMON_BLOCKS = YES;
				GCC_WARN_64_TO_32_BIT_CONVERSION = YES;
				GCC_WARN_ABOUT_RETURN_TYPE = YES_ERROR;
				GCC_WARN_UNDECLARED_SELECTOR = YES;
				GCC_WARN_UNINITIALIZED_AUTOS = YES_AGGRESSIVE;
				GCC_WARN_UNUSED_FUNCTION = YES;
				GCC_WARN_UNUSED_VARIABLE = YES;
				IPHONEOS_DEPLOYMENT_TARGET = 15.0;
				MTL_ENABLE_DEBUG_INFO = NO;
				MTL_FAST_MATH = YES;
				SDKROOT = iphoneos;
				SWIFT_COMPILATION_MODE = wholemodule;
				SWIFT_OPTIMIZATION_LEVEL = "-O";
				VALIDATE_PRODUCT = YES;
			};
			name = Release;
		};
		FBB67C27276B931A00846E6A /* Debug */ = {
			isa = XCBuildConfiguration;
			buildSettings = {
				ASSETCATALOG_COMPILER_APPICON_NAME = AppIcon;
				ASSETCATALOG_COMPILER_GLOBAL_ACCENT_COLOR_NAME = AccentColor;
				CODE_SIGN_STYLE = Automatic;
				CURRENT_PROJECT_VERSION = 1;
				DEVELOPMENT_ASSET_PATHS = "\"DOOKZadanie/Preview Content\"";
				DEVELOPMENT_TEAM = J2QYS83JR9;
				ENABLE_PREVIEWS = YES;
				GENERATE_INFOPLIST_FILE = YES;
				INFOPLIST_KEY_UIApplicationSceneManifest_Generation = YES;
				INFOPLIST_KEY_UIApplicationSupportsIndirectInputEvents = YES;
				INFOPLIST_KEY_UILaunchScreen_Generation = YES;
				INFOPLIST_KEY_UISupportedInterfaceOrientations_iPad = "UIInterfaceOrientationPortrait UIInterfaceOrientationPortraitUpsideDown UIInterfaceOrientationLandscapeLeft UIInterfaceOrientationLandscapeRight";
				INFOPLIST_KEY_UISupportedInterfaceOrientations_iPhone = "UIInterfaceOrientationPortrait UIInterfaceOrientationLandscapeLeft UIInterfaceOrientationLandscapeRight";
				IPHONEOS_DEPLOYMENT_TARGET = 14.0;
				LD_RUNPATH_SEARCH_PATHS = (
					"$(inherited)",
					"@executable_path/Frameworks",
				);
				MARKETING_VERSION = 1.0;
				PRODUCT_BUNDLE_IDENTIFIER = test.DOOKZadanie;
				PRODUCT_NAME = "$(TARGET_NAME)";
				SWIFT_EMIT_LOC_STRINGS = YES;
				SWIFT_VERSION = 5.0;
				TARGETED_DEVICE_FAMILY = "1,2";
			};
			name = Debug;
		};
		FBB67C28276B931A00846E6A /* Release */ = {
			isa = XCBuildConfiguration;
			buildSettings = {
				ASSETCATALOG_COMPILER_APPICON_NAME = AppIcon;
				ASSETCATALOG_COMPILER_GLOBAL_ACCENT_COLOR_NAME = AccentColor;
				CODE_SIGN_STYLE = Automatic;
				CURRENT_PROJECT_VERSION = 1;
				DEVELOPMENT_ASSET_PATHS = "\"DOOKZadanie/Preview Content\"";
				DEVELOPMENT_TEAM = J2QYS83JR9;
				ENABLE_PREVIEWS = YES;
				GENERATE_INFOPLIST_FILE = YES;
				INFOPLIST_KEY_UIApplicationSceneManifest_Generation = YES;
				INFOPLIST_KEY_UIApplicationSupportsIndirectInputEvents = YES;
				INFOPLIST_KEY_UILaunchScreen_Generation = YES;
				INFOPLIST_KEY_UISupportedInterfaceOrientations_iPad = "UIInterfaceOrientationPortrait UIInterfaceOrientationPortraitUpsideDown UIInterfaceOrientationLandscapeLeft UIInterfaceOrientationLandscapeRight";
				INFOPLIST_KEY_UISupportedInterfaceOrientations_iPhone = "UIInterfaceOrientationPortrait UIInterfaceOrientationLandscapeLeft UIInterfaceOrientationLandscapeRight";
				IPHONEOS_DEPLOYMENT_TARGET = 14.0;
				LD_RUNPATH_SEARCH_PATHS = (
					"$(inherited)",
					"@executable_path/Frameworks",
				);
				MARKETING_VERSION = 1.0;
				PRODUCT_BUNDLE_IDENTIFIER = test.DOOKZadanie;
				PRODUCT_NAME = "$(TARGET_NAME)";
				SWIFT_EMIT_LOC_STRINGS = YES;
				SWIFT_VERSION = 5.0;
				TARGETED_DEVICE_FAMILY = "1,2";
			};
			name = Release;
		};
		FBB67C2A276B931A00846E6A /* Debug */ = {
			isa = XCBuildConfiguration;
			buildSettings = {
				ALWAYS_EMBED_SWIFT_STANDARD_LIBRARIES = YES;
				BUNDLE_LOADER = "$(TEST_HOST)";
				CODE_SIGN_STYLE = Automatic;
				CURRENT_PROJECT_VERSION = 1;
				DEVELOPMENT_TEAM = J2QYS83JR9;
				GENERATE_INFOPLIST_FILE = YES;
				IPHONEOS_DEPLOYMENT_TARGET = 14.0;
				LD_RUNPATH_SEARCH_PATHS = (
					"$(inherited)",
					"@executable_path/Frameworks",
					"@loader_path/Frameworks",
				);
				MARKETING_VERSION = 1.0;
				PRODUCT_BUNDLE_IDENTIFIER = test.DOOKZadanieTests;
				PRODUCT_NAME = "$(TARGET_NAME)";
				SWIFT_EMIT_LOC_STRINGS = NO;
				SWIFT_VERSION = 5.0;
				TARGETED_DEVICE_FAMILY = "1,2";
				TEST_HOST = "$(BUILT_PRODUCTS_DIR)/DOOKZadanie.app/DOOKZadanie";
			};
			name = Debug;
		};
		FBB67C2B276B931A00846E6A /* Release */ = {
			isa = XCBuildConfiguration;
			buildSettings = {
				ALWAYS_EMBED_SWIFT_STANDARD_LIBRARIES = YES;
				BUNDLE_LOADER = "$(TEST_HOST)";
				CODE_SIGN_STYLE = Automatic;
				CURRENT_PROJECT_VERSION = 1;
				DEVELOPMENT_TEAM = J2QYS83JR9;
				GENERATE_INFOPLIST_FILE = YES;
				IPHONEOS_DEPLOYMENT_TARGET = 14.0;
				LD_RUNPATH_SEARCH_PATHS = (
					"$(inherited)",
					"@executable_path/Frameworks",
					"@loader_path/Frameworks",
				);
				MARKETING_VERSION = 1.0;
				PRODUCT_BUNDLE_IDENTIFIER = test.DOOKZadanieTests;
				PRODUCT_NAME = "$(TARGET_NAME)";
				SWIFT_EMIT_LOC_STRINGS = NO;
				SWIFT_VERSION = 5.0;
				TARGETED_DEVICE_FAMILY = "1,2";
				TEST_HOST = "$(BUILT_PRODUCTS_DIR)/DOOKZadanie.app/DOOKZadanie";
			};
			name = Release;
		};
		FBB67C2D276B931A00846E6A /* Debug */ = {
			isa = XCBuildConfiguration;
			buildSettings = {
				ALWAYS_EMBED_SWIFT_STANDARD_LIBRARIES = YES;
				CODE_SIGN_STYLE = Automatic;
				CURRENT_PROJECT_VERSION = 1;
				DEVELOPMENT_TEAM = J2QYS83JR9;
				GENERATE_INFOPLIST_FILE = YES;
				LD_RUNPATH_SEARCH_PATHS = (
					"$(inherited)",
					"@executable_path/Frameworks",
					"@loader_path/Frameworks",
				);
				MARKETING_VERSION = 1.0;
				PRODUCT_BUNDLE_IDENTIFIER = test.DOOKZadanieUITests;
				PRODUCT_NAME = "$(TARGET_NAME)";
				SWIFT_EMIT_LOC_STRINGS = NO;
				SWIFT_VERSION = 5.0;
				TARGETED_DEVICE_FAMILY = "1,2";
				TEST_TARGET_NAME = DOOKZadanie;
			};
			name = Debug;
		};
		FBB67C2E276B931A00846E6A /* Release */ = {
			isa = XCBuildConfiguration;
			buildSettings = {
				ALWAYS_EMBED_SWIFT_STANDARD_LIBRARIES = YES;
				CODE_SIGN_STYLE = Automatic;
				CURRENT_PROJECT_VERSION = 1;
				DEVELOPMENT_TEAM = J2QYS83JR9;
				GENERATE_INFOPLIST_FILE = YES;
				LD_RUNPATH_SEARCH_PATHS = (
					"$(inherited)",
					"@executable_path/Frameworks",
					"@loader_path/Frameworks",
				);
				MARKETING_VERSION = 1.0;
				PRODUCT_BUNDLE_IDENTIFIER = test.DOOKZadanieUITests;
				PRODUCT_NAME = "$(TARGET_NAME)";
				SWIFT_EMIT_LOC_STRINGS = NO;
				SWIFT_VERSION = 5.0;
				TARGETED_DEVICE_FAMILY = "1,2";
				TEST_TARGET_NAME = DOOKZadanie;
			};
			name = Release;
		};
/* End XCBuildConfiguration section */

/* Begin XCConfigurationList section */
		FBB67BFD276B931700846E6A /* Build configuration list for PBXProject "DOOKZadanie" */ = {
			isa = XCConfigurationList;
			buildConfigurations = (
				FBB67C24276B931A00846E6A /* Debug */,
				FBB67C25276B931A00846E6A /* Release */,
			);
			defaultConfigurationIsVisible = 0;
			defaultConfigurationName = Release;
		};
		FBB67C26276B931A00846E6A /* Build configuration list for PBXNativeTarget "DOOKZadanie" */ = {
			isa = XCConfigurationList;
			buildConfigurations = (
				FBB67C27276B931A00846E6A /* Debug */,
				FBB67C28276B931A00846E6A /* Release */,
			);
			defaultConfigurationIsVisible = 0;
			defaultConfigurationName = Release;
		};
		FBB67C29276B931A00846E6A /* Build configuration list for PBXNativeTarget "DOOKZadanieTests" */ = {
			isa = XCConfigurationList;
			buildConfigurations = (
				FBB67C2A276B931A00846E6A /* Debug */,
				FBB67C2B276B931A00846E6A /* Release */,
			);
			defaultConfigurationIsVisible = 0;
			defaultConfigurationName = Release;
		};
		FBB67C2C276B931A00846E6A /* Build configuration list for PBXNativeTarget "DOOKZadanieUITests" */ = {
			isa = XCConfigurationList;
			buildConfigurations = (
				FBB67C2D276B931A00846E6A /* Debug */,
				FBB67C2E276B931A00846E6A /* Release */,
			);
			defaultConfigurationIsVisible = 0;
			defaultConfigurationName = Release;
		};
/* End XCConfigurationList section */
	};
	rootObject = FBB67BFA276B931700846E6A /* Project object */;
}
